
Microsoft Visual Studio Solution File, Format Version 12.00
# Visual Studio Version 17
VisualStudioVersion = 17.4.33403.182
MinimumVisualStudioVersion = 10.0.40219.1
Project("{FAE04EC0-301F-11D3-BF4B-00C04F79EFBC}") = "Project", "Project\Project.csproj", "{579ACAC5-0375-444E-9CA2-66333A409E3C}"
EndProject
Global
	GlobalSection(SolutionConfigurationPlatforms) = preSolution
		Debug|Any CPU = Debug|Any CPU
		Release|Any CPU = Release|Any CPU
	EndGlobalSection
	GlobalSection(ProjectConfigurationPlatforms) = postSolution
		{579ACAC5-0375-444E-9CA2-66333A409E3C}.Debug|Any CPU.ActiveCfg = Debug|Any CPU
		{579ACAC5-0375-444E-9CA2-66333A409E3C}.Debug|Any CPU.Build.0 = Debug|Any CPU
		{579ACAC5-0375-444E-9CA2-66333A409E3C}.Release|Any CPU.ActiveCfg = Release|Any CPU
		{579ACAC5-0375-444E-9CA2-66333A409E3C}.Release|Any CPU.Build.0 = Release|Any CPU
	EndGlobalSection
	GlobalSection(SolutionProperties) = preSolution
		HideSolutionNode = FALSE
	EndGlobalSection
	GlobalSection(ExtensibilityGlobals) = postSolution
		SolutionGuid = {E6E41EDD-2BFB-4E42-A1DC-47E8A8C7E186}
	EndGlobalSection
EndGlobal
